PODS:
  - Alamofire (4.7.1)
  - AlamofireObjectMapper (5.0.0):
    - Alamofire (~> 4.1)
    - ObjectMapper (~> 3.0)
  - Crashlytics (3.9.3):
    - Fabric (~> 1.7.2)
  - DeviceKit (1.4.0)
  - Dwifft (0.8)
  - Fabric (1.7.6)
  - FLEX (2.0.0)
  - KeychainAccess (3.1.0)
  - Nimble (7.0.3)
  - ObjectMapper (3.3.0)
  - PromiseKit (4.5.2):
    - PromiseKit/Foundation (= 4.5.2)
    - PromiseKit/QuartzCore (= 4.5.2)
    - PromiseKit/UIKit (= 4.5.2)
  - PromiseKit/CorePromise (4.5.2)
  - PromiseKit/Foundation (4.5.2):
    - PromiseKit/CorePromise
  - PromiseKit/QuartzCore (4.5.2):
    - PromiseKit/CorePromise
  - PromiseKit/UIKit (4.5.2):
    - PromiseKit/CorePromise
  - Quick (1.2.0)
  - SteviaLayout (4.3.0)
  - SwiftyJSON (4.0.0)

DEPENDENCIES:
  - Alamofire (= 4.7.1)
  - AlamofireObjectMapper (= 5.0.0)
  - Crashlytics (= 3.9.3)
  - DeviceKit (= 1.4.0)
  - Dwifft (= 0.8)
  - Fabric (= 1.7.6)
  - FLEX (= 2.0)
  - KeychainAccess (= 3.1.0)
  - Nimble (= 7.0.3)
  - PromiseKit (= 4.5.2)
  - Quick (= 1.2.0)
  - SteviaLayout (= 4.3.0)
  - SwiftyJSON (= 4.0.0)

SPEC REPOS:
  https://github.com/cocoapods/specs.git:
    - Alamofire
    - AlamofireObjectMapper
    - Crashlytics
    - DeviceKit
    - Dwifft
    - Fabric
    - FLEX
    - KeychainAccess
    - Nimble
    - ObjectMapper
    - PromiseKit
    - Quick
    - SteviaLayout
    - SwiftyJSON

SPEC CHECKSUMS:
  Alamofire: 68d7d521118d49c615a8d2214d87cdf525599d30
  AlamofireObjectMapper: 5fafc816351cbbc0d486611aaeba7461c0cbad49
  Crashlytics: dbb07d01876c171c5ccbdf7826410380189e452c
  DeviceKit: fa74d97499660e88081718b16688e19217595dba
  Dwifft: 463e61d07322fdf83b32ee6975ca1b20708db746
  Fabric: f8d42c893bb187326a7968b62abe55c36a987a46
  FLEX: 9b3d0800d0c06887a00ad8d2b514fb69256ebd1b
  KeychainAccess: 94c5540b32eabf7bc32bfb976a268e8ea05fd6da
  Nimble: 7f5a9c447a33002645a071bddafbfb24ea70e0ac
  ObjectMapper: b612bf8c8e99c4dc0bb6013a51f7c27966ed5da9
  PromiseKit: 743e497a5f505a470d3bbbf4ce0663c1268af0a4
  Quick: 58d203b1c5e27fff7229c4c1ae445ad7069a7a08
  SteviaLayout: 4237718d4e9eaea2d530bd1426637735a7e19de6
  SwiftyJSON: 070dabdcb1beb81b247c65ffa3a79dbbfb3b48aa

PODFILE CHECKSUM: 464dac8eb8300cd5e16f6962b97cba17bd54a6d3

COCOAPODS: 1.5.3
